
Microsoft Visual Studio Solution File, Format Version 12.00
# Visual Studio Version 17
VisualStudioVersion = 17.3.32929.385
MinimumVisualStudioVersion = 10.0.40219.1
Project("{9A19103F-16F7-4668-BE54-9A1E7A4F7556}") = "Bluehill.Deconstructors", "Bluehill.Deconstructors\Bluehill.Deconstructors.csproj", "{9659D868-31FA-4990-B818-08AD601BDB5B}"
EndProject
Project("{9A19103F-16F7-4668-BE54-9A1E7A4F7556}") = "Bluehill.Deconstructors.List", "Bluehill.Deconstructors.List\Bluehill.Deconstructors.List.csproj", "{60197DEA-D3C4-42E9-888D-FF1FCD247CBB}"
EndProject
Project("{9A19103F-16F7-4668-BE54-9A1E7A4F7556}") = "Bluehill.Deconstructors.KeyValuePair", "Bluehill.Deconstructors.KeyValuePair\Bluehill.Deconstructors.KeyValuePair.csproj", "{6954A641-3338-41D1-8757-B5E031E7A5E9}"
EndProject
Project("{9A19103F-16F7-4668-BE54-9A1E7A4F7556}") = "Bluehill.Deconstructors.Tuple", "Bluehill.Deconstructors.Tuple\Bluehill.Deconstructors.Tuple.csproj", "{159DCB1F-43DC-4E26-A2FD-767B45ABC195}"
EndProject
Project("{9A19103F-16F7-4668-BE54-9A1E7A4F7556}") = "Bluehill.Deconstructors.Drawing", "Bluehill.Deconstructors.Drawing\Bluehill.Deconstructors.Drawing.csproj", "{995A86E2-648F-4900-89DA-BA4F08261AAA}"
EndProject
Project("{9A19103F-16F7-4668-BE54-9A1E7A4F7556}") = "Bluehill.Deconstructors.Forms", "Bluehill.Deconstructors.Forms\Bluehill.Deconstructors.Forms.csproj", "{E52046B9-10AB-483D-B535-4573AF9551B1}"
EndProject
Project("{9A19103F-16F7-4668-BE54-9A1E7A4F7556}") = "Bluehill.Deconstructors.Wpf", "Bluehill.Deconstructors.Wpf\Bluehill.Deconstructors.Wpf.csproj", "{F8D954C3-8954-4D3B-845B-F294628D8489}"
EndProject
Project("{2150E333-8FDC-42A3-9474-1A3956D46DE8}") = "솔루션 항목", "솔루션 항목", "{CF78EF3F-0E13-42AB-AC5E-A37348922024}"
	ProjectSection(SolutionItems) = preProject
		.editorconfig = .editorconfig
		.gitattributes = .gitattributes
		.gitignore = .gitignore
		Directory.Build.props = Directory.Build.props
		Directory.Build.targets = Directory.Build.targets
		Directory.Packages.props = Directory.Packages.props
		README.md = README.md
	EndProjectSection
EndProject
Project("{D954291E-2A0B-460D-934E-DC6B0785DB48}") = "ExtensionAttribute", "ExtensionAttribute\ExtensionAttribute.shproj", "{149D1E4E-9431-430F-BAB3-D7FDECF2A6BE}"
EndProject
Project("{9A19103F-16F7-4668-BE54-9A1E7A4F7556}") = "Bluehill.Deconstructors.List.Test", "Bluehill.Deconstructors.List.Test\Bluehill.Deconstructors.List.Test.csproj", "{2E6E7B04-F991-4626-8C47-FEEB8E9E84A8}"
EndProject
Project("{FAE04EC0-301F-11D3-BF4B-00C04F79EFBC}") = "Bluehill.Deconstructors.Drawing.Test", "Bluehill.Deconstructors.Drawing.Test\Bluehill.Deconstructors.Drawing.Test.csproj", "{8D7F7185-9E3C-49C9-AA8A-BDF4765EF28F}"
EndProject
Global
	GlobalSection(SolutionConfigurationPlatforms) = preSolution
		Debug|Any CPU = Debug|Any CPU
		Release|Any CPU = Release|Any CPU
	EndGlobalSection
	GlobalSection(ProjectConfigurationPlatforms) = postSolution
		{9659D868-31FA-4990-B818-08AD601BDB5B}.Debug|Any CPU.ActiveCfg = Debug|Any CPU
		{9659D868-31FA-4990-B818-08AD601BDB5B}.Debug|Any CPU.Build.0 = Debug|Any CPU
		{9659D868-31FA-4990-B818-08AD601BDB5B}.Release|Any CPU.ActiveCfg = Release|Any CPU
		{9659D868-31FA-4990-B818-08AD601BDB5B}.Release|Any CPU.Build.0 = Release|Any CPU
		{60197DEA-D3C4-42E9-888D-FF1FCD247CBB}.Debug|Any CPU.ActiveCfg = Debug|Any CPU
		{60197DEA-D3C4-42E9-888D-FF1FCD247CBB}.Debug|Any CPU.Build.0 = Debug|Any CPU
		{60197DEA-D3C4-42E9-888D-FF1FCD247CBB}.Release|Any CPU.ActiveCfg = Release|Any CPU
		{60197DEA-D3C4-42E9-888D-FF1FCD247CBB}.Release|Any CPU.Build.0 = Release|Any CPU
		{6954A641-3338-41D1-8757-B5E031E7A5E9}.Debug|Any CPU.ActiveCfg = Debug|Any CPU
		{6954A641-3338-41D1-8757-B5E031E7A5E9}.Debug|Any CPU.Build.0 = Debug|Any CPU
		{6954A641-3338-41D1-8757-B5E031E7A5E9}.Release|Any CPU.ActiveCfg = Release|Any CPU
		{6954A641-3338-41D1-8757-B5E031E7A5E9}.Release|Any CPU.Build.0 = Release|Any CPU
		{159DCB1F-43DC-4E26-A2FD-767B45ABC195}.Debug|Any CPU.ActiveCfg = Debug|Any CPU
		{159DCB1F-43DC-4E26-A2FD-767B45ABC195}.Debug|Any CPU.Build.0 = Debug|Any CPU
		{159DCB1F-43DC-4E26-A2FD-767B45ABC195}.Release|Any CPU.ActiveCfg = Release|Any CPU
		{159DCB1F-43DC-4E26-A2FD-767B45ABC195}.Release|Any CPU.Build.0 = Release|Any CPU
		{995A86E2-648F-4900-89DA-BA4F08261AAA}.Debug|Any CPU.ActiveCfg = Debug|Any CPU
		{995A86E2-648F-4900-89DA-BA4F08261AAA}.Debug|Any CPU.Build.0 = Debug|Any CPU
		{995A86E2-648F-4900-89DA-BA4F08261AAA}.Release|Any CPU.ActiveCfg = Release|Any CPU
		{995A86E2-648F-4900-89DA-BA4F08261AAA}.Release|Any CPU.Build.0 = Release|Any CPU
		{E52046B9-10AB-483D-B535-4573AF9551B1}.Debug|Any CPU.ActiveCfg = Debug|Any CPU
		{E52046B9-10AB-483D-B535-4573AF9551B1}.Debug|Any CPU.Build.0 = Debug|Any CPU
		{E52046B9-10AB-483D-B535-4573AF9551B1}.Release|Any CPU.ActiveCfg = Release|Any CPU
		{E52046B9-10AB-483D-B535-4573AF9551B1}.Release|Any CPU.Build.0 = Release|Any CPU
		{F8D954C3-8954-4D3B-845B-F294628D8489}.Debug|Any CPU.ActiveCfg = Debug|Any CPU
		{F8D954C3-8954-4D3B-845B-F294628D8489}.Debug|Any CPU.Build.0 = Debug|Any CPU
		{F8D954C3-8954-4D3B-845B-F294628D8489}.Release|Any CPU.ActiveCfg = Release|Any CPU
		{F8D954C3-8954-4D3B-845B-F294628D8489}.Release|Any CPU.Build.0 = Release|Any CPU
		{2E6E7B04-F991-4626-8C47-FEEB8E9E84A8}.Debug|Any CPU.ActiveCfg = Debug|Any CPU
		{2E6E7B04-F991-4626-8C47-FEEB8E9E84A8}.Debug|Any CPU.Build.0 = Debug|Any CPU
		{2E6E7B04-F991-4626-8C47-FEEB8E9E84A8}.Release|Any CPU.ActiveCfg = Release|Any CPU
		{2E6E7B04-F991-4626-8C47-FEEB8E9E84A8}.Release|Any CPU.Build.0 = Release|Any CPU
		{8D7F7185-9E3C-49C9-AA8A-BDF4765EF28F}.Debug|Any CPU.ActiveCfg = Debug|Any CPU
		{8D7F7185-9E3C-49C9-AA8A-BDF4765EF28F}.Debug|Any CPU.Build.0 = Debug|Any CPU
		{8D7F7185-9E3C-49C9-AA8A-BDF4765EF28F}.Release|Any CPU.ActiveCfg = Release|Any CPU
		{8D7F7185-9E3C-49C9-AA8A-BDF4765EF28F}.Release|Any CPU.Build.0 = Release|Any CPU
	EndGlobalSection
	GlobalSection(SolutionProperties) = preSolution
		HideSolutionNode = FALSE
	EndGlobalSection
	GlobalSection(ExtensibilityGlobals) = postSolution
		SolutionGuid = {DC0B4236-25F2-4CA8-B230-FD6F7D936D83}
	EndGlobalSection
	GlobalSection(SharedMSBuildProjectFiles) = preSolution
		ExtensionAttribute\ExtensionAttribute.projitems*{149d1e4e-9431-430f-bab3-d7fdecf2a6be}*SharedItemsImports = 13
		ExtensionAttribute\ExtensionAttribute.projitems*{159dcb1f-43dc-4e26-a2fd-767b45abc195}*SharedItemsImports = 5
		ExtensionAttribute\ExtensionAttribute.projitems*{60197dea-d3c4-42e9-888d-ff1fcd247cbb}*SharedItemsImports = 5
		ExtensionAttribute\ExtensionAttribute.projitems*{6954a641-3338-41d1-8757-b5e031e7a5e9}*SharedItemsImports = 5
		ExtensionAttribute\ExtensionAttribute.projitems*{995a86e2-648f-4900-89da-ba4f08261aaa}*SharedItemsImports = 5
		ExtensionAttribute\ExtensionAttribute.projitems*{e52046b9-10ab-483d-b535-4573af9551b1}*SharedItemsImports = 5
		ExtensionAttribute\ExtensionAttribute.projitems*{f8d954c3-8954-4d3b-845b-f294628d8489}*SharedItemsImports = 5
	EndGlobalSection
EndGlobal
