
Microsoft Visual Studio Solution File, Format Version 12.00
# Visual Studio Version 17
VisualStudioVersion = 17.3.32929.385
MinimumVisualStudioVersion = 10.0.40219.1
Project("{9A19103F-16F7-4668-BE54-9A1E7A4F7556}") = "Bluehill.Deconstructors", "Bluehill.Deconstructors\Bluehill.Deconstructors.csproj", "{EBD9A028-E5A5-4633-8368-A5E7DC9215B2}"
EndProject
Project("{9A19103F-16F7-4668-BE54-9A1E7A4F7556}") = "Bluehill.Deconstructors.KeyValuePair", "Bluehill.Deconstructors.KeyValuePair\Bluehill.Deconstructors.KeyValuePair.csproj", "{6954A641-3338-41D1-8757-B5E031E7A5E9}"
EndProject
Project("{9A19103F-16F7-4668-BE54-9A1E7A4F7556}") = "Bluehill.Deconstructors.Tuple", "Bluehill.Deconstructors.Tuple\Bluehill.Deconstructors.Tuple.csproj", "{159DCB1F-43DC-4E26-A2FD-767B45ABC195}"
EndProject
Project("{9A19103F-16F7-4668-BE54-9A1E7A4F7556}") = "Bluehill.Deconstructors.Drawing", "Bluehill.Deconstructors.Drawing\Bluehill.Deconstructors.Drawing.csproj", "{995A86E2-648F-4900-89DA-BA4F08261AAA}"
EndProject
Project("{9A19103F-16F7-4668-BE54-9A1E7A4F7556}") = "Bluehill.Deconstructors.Forms", "Bluehill.Deconstructors.Forms\Bluehill.Deconstructors.Forms.csproj", "{E52046B9-10AB-483D-B535-4573AF9551B1}"
EndProject
Project("{9A19103F-16F7-4668-BE54-9A1E7A4F7556}") = "Bluehill.Deconstructors.Wpf", "Bluehill.Deconstructors.Wpf\Bluehill.Deconstructors.Wpf.csproj", "{F8D954C3-8954-4D3B-845B-F294628D8489}"
EndProject
Project("{2150E333-8FDC-42A3-9474-1A3956D46DE8}") = "솔루션 항목", "솔루션 항목", "{CF78EF3F-0E13-42AB-AC5E-A37348922024}"
	ProjectSection(SolutionItems) = preProject
		.editorconfig = .editorconfig
		.gitattributes = .gitattributes
		.gitignore = .gitignore
		Directory.Build.props = Directory.Build.props
		README.md = README.md
	EndProjectSection
EndProject
Global
	GlobalSection(SolutionConfigurationPlatforms) = preSolution
		Debug|Any CPU = Debug|Any CPU
		Release|Any CPU = Release|Any CPU
	EndGlobalSection
	GlobalSection(ProjectConfigurationPlatforms) = postSolution
		{EBD9A028-E5A5-4633-8368-A5E7DC9215B2}.Debug|Any CPU.ActiveCfg = Debug|Any CPU
		{EBD9A028-E5A5-4633-8368-A5E7DC9215B2}.Debug|Any CPU.Build.0 = Debug|Any CPU
		{EBD9A028-E5A5-4633-8368-A5E7DC9215B2}.Release|Any CPU.ActiveCfg = Release|Any CPU
		{EBD9A028-E5A5-4633-8368-A5E7DC9215B2}.Release|Any CPU.Build.0 = Release|Any CPU
		{6954A641-3338-41D1-8757-B5E031E7A5E9}.Debug|Any CPU.ActiveCfg = Debug|Any CPU
		{6954A641-3338-41D1-8757-B5E031E7A5E9}.Debug|Any CPU.Build.0 = Debug|Any CPU
		{6954A641-3338-41D1-8757-B5E031E7A5E9}.Release|Any CPU.ActiveCfg = Release|Any CPU
		{6954A641-3338-41D1-8757-B5E031E7A5E9}.Release|Any CPU.Build.0 = Release|Any CPU
		{159DCB1F-43DC-4E26-A2FD-767B45ABC195}.Debug|Any CPU.ActiveCfg = Debug|Any CPU
		{159DCB1F-43DC-4E26-A2FD-767B45ABC195}.Debug|Any CPU.Build.0 = Debug|Any CPU
		{159DCB1F-43DC-4E26-A2FD-767B45ABC195}.Release|Any CPU.ActiveCfg = Release|Any CPU
		{159DCB1F-43DC-4E26-A2FD-767B45ABC195}.Release|Any CPU.Build.0 = Release|Any CPU
		{995A86E2-648F-4900-89DA-BA4F08261AAA}.Debug|Any CPU.ActiveCfg = Debug|Any CPU
		{995A86E2-648F-4900-89DA-BA4F08261AAA}.Debug|Any CPU.Build.0 = Debug|Any CPU
		{995A86E2-648F-4900-89DA-BA4F08261AAA}.Release|Any CPU.ActiveCfg = Release|Any CPU
		{995A86E2-648F-4900-89DA-BA4F08261AAA}.Release|Any CPU.Build.0 = Release|Any CPU
		{E52046B9-10AB-483D-B535-4573AF9551B1}.Debug|Any CPU.ActiveCfg = Debug|Any CPU
		{E52046B9-10AB-483D-B535-4573AF9551B1}.Debug|Any CPU.Build.0 = Debug|Any CPU
		{E52046B9-10AB-483D-B535-4573AF9551B1}.Release|Any CPU.ActiveCfg = Release|Any CPU
		{E52046B9-10AB-483D-B535-4573AF9551B1}.Release|Any CPU.Build.0 = Release|Any CPU
		{F8D954C3-8954-4D3B-845B-F294628D8489}.Debug|Any CPU.ActiveCfg = Debug|Any CPU
		{F8D954C3-8954-4D3B-845B-F294628D8489}.Debug|Any CPU.Build.0 = Debug|Any CPU
		{F8D954C3-8954-4D3B-845B-F294628D8489}.Release|Any CPU.ActiveCfg = Release|Any CPU
		{F8D954C3-8954-4D3B-845B-F294628D8489}.Release|Any CPU.Build.0 = Release|Any CPU
	EndGlobalSection
	GlobalSection(SolutionProperties) = preSolution
		HideSolutionNode = FALSE
	EndGlobalSection
	GlobalSection(ExtensibilityGlobals) = postSolution
		SolutionGuid = {DC0B4236-25F2-4CA8-B230-FD6F7D936D83}
	EndGlobalSection
EndGlobal
