
Microsoft Visual Studio Solution File, Format Version 12.00
# Visual Studio Version 17
VisualStudioVersion = 17.3.32929.385
MinimumVisualStudioVersion = 10.0.40219.1
Project("{9A19103F-16F7-4668-BE54-9A1E7A4F7556}") = "Bluehill.Deconstructors", "Bluehill.Deconstructors\Bluehill.Deconstructors.csproj", "{EBD9A028-E5A5-4633-8368-A5E7DC9215B2}"
EndProject
Project("{2150E333-8FDC-42A3-9474-1A3956D46DE8}") = "솔루션 항목", "솔루션 항목", "{CF78EF3F-0E13-42AB-AC5E-A37348922024}"
	ProjectSection(SolutionItems) = preProject
		.editorconfig = .editorconfig
		.gitattributes = .gitattributes
		.gitignore = .gitignore
		Directory.Build.props = Directory.Build.props
		README.md = README.md
	EndProjectSection
EndProject
Global
	GlobalSection(SolutionConfigurationPlatforms) = preSolution
		Debug|Any CPU = Debug|Any CPU
		Release|Any CPU = Release|Any CPU
	EndGlobalSection
	GlobalSection(ProjectConfigurationPlatforms) = postSolution
		{EBD9A028-E5A5-4633-8368-A5E7DC9215B2}.Debug|Any CPU.ActiveCfg = Debug|Any CPU
		{EBD9A028-E5A5-4633-8368-A5E7DC9215B2}.Debug|Any CPU.Build.0 = Debug|Any CPU
		{EBD9A028-E5A5-4633-8368-A5E7DC9215B2}.Release|Any CPU.ActiveCfg = Release|Any CPU
		{EBD9A028-E5A5-4633-8368-A5E7DC9215B2}.Release|Any CPU.Build.0 = Release|Any CPU
	EndGlobalSection
	GlobalSection(SolutionProperties) = preSolution
		HideSolutionNode = FALSE
	EndGlobalSection
	GlobalSection(ExtensibilityGlobals) = postSolution
		SolutionGuid = {DC0B4236-25F2-4CA8-B230-FD6F7D936D83}
	EndGlobalSection
EndGlobal
