{
  "version": 2,
  "dependencies": {
    ".NETFramework,Version=v2.0": {
      "Microsoft.NETFramework.ReferenceAssemblies": {
        "type": "Direct",
        "requested": "[1.0.3, )",
        "resolved": "1.0.3",
        "contentHash": "vUc9Npcs14QsyOD01tnv/m8sQUnGTGOw1BCmKcv77LBJY7OxhJ+zJF7UD/sCL3lYNFuqmQEVlkfS4Quif6FyYg==",
        "dependencies": {
          "Microsoft.NETFramework.ReferenceAssemblies.net20": "1.0.3"
        }
      },
      "Microsoft.NETFramework.ReferenceAssemblies.net20": {
        "type": "Transitive",
        "resolved": "1.0.3",
        "contentHash": "mvyTeaG1dVyCx24hjVnqk1YvR4fwS1fHxt1tdnzWMGCHc09mvNVGF+8VAobWSDi+iDz6fgJ7jE5d/mWap4PYoA=="
      },
      "bluehill.deconstructors.datetime": {
        "type": "Project"
      },
      "bluehill.deconstructors.drawing": {
        "type": "Project"
      },
      "bluehill.deconstructors.forms": {
        "type": "Project",
        "dependencies": {
          "Bluehill.Deconstructors.Drawing": "[2.0.0, )"
        }
      },
      "bluehill.deconstructors.keyvaluepair": {
        "type": "Project"
      },
      "bluehill.deconstructors.list": {
        "type": "Project"
      },
      "bluehill.deconstructors.version": {
        "type": "Project"
      }
    },
    ".NETFramework,Version=v3.5": {
      "Microsoft.NETFramework.ReferenceAssemblies": {
        "type": "Direct",
        "requested": "[1.0.3, )",
        "resolved": "1.0.3",
        "contentHash": "vUc9Npcs14QsyOD01tnv/m8sQUnGTGOw1BCmKcv77LBJY7OxhJ+zJF7UD/sCL3lYNFuqmQEVlkfS4Quif6FyYg==",
        "dependencies": {
          "Microsoft.NETFramework.ReferenceAssemblies.net35": "1.0.3"
        }
      },
      "Microsoft.NETFramework.ReferenceAssemblies.net35": {
        "type": "Transitive",
        "resolved": "1.0.3",
        "contentHash": "Mhbr13IGgsW4AHj50uAiVNMPWdvUPWePRsI4x1NiTkhHUc4rqi9XvY5xxBC4d56bJypQbxAZ8bPuZIpz+TjBVQ=="
      },
      "bluehill.deconstructors.datetime": {
        "type": "Project"
      },
      "bluehill.deconstructors.drawing": {
        "type": "Project"
      },
      "bluehill.deconstructors.forms": {
        "type": "Project",
        "dependencies": {
          "Bluehill.Deconstructors.Drawing": "[2.0.0, )"
        }
      },
      "bluehill.deconstructors.keyvaluepair": {
        "type": "Project"
      },
      "bluehill.deconstructors.list": {
        "type": "Project"
      },
      "bluehill.deconstructors.version": {
        "type": "Project"
      },
      "bluehill.deconstructors.wpf": {
        "type": "Project"
      }
    },
    ".NETFramework,Version=v4.0": {
      "Microsoft.NETFramework.ReferenceAssemblies": {
        "type": "Direct",
        "requested": "[1.0.3, )",
        "resolved": "1.0.3",
        "contentHash": "vUc9Npcs14QsyOD01tnv/m8sQUnGTGOw1BCmKcv77LBJY7OxhJ+zJF7UD/sCL3lYNFuqmQEVlkfS4Quif6FyYg==",
        "dependencies": {
          "Microsoft.NETFramework.ReferenceAssemblies.net40": "1.0.3"
        }
      },
      "Microsoft.NETFramework.ReferenceAssemblies.net40": {
        "type": "Transitive",
        "resolved": "1.0.3",
        "contentHash": "3ctXnCpHdoYJNH9ATfXKwckkkdHvHc1Xls12QB9kf1tjh3b+VzxtiwpkZN4GxOawakfH6CJAkqhlDKSiz6Ujbg=="
      },
      "bluehill.deconstructors.datetime": {
        "type": "Project"
      },
      "bluehill.deconstructors.drawing": {
        "type": "Project"
      },
      "bluehill.deconstructors.forms": {
        "type": "Project",
        "dependencies": {
          "Bluehill.Deconstructors.Drawing": "[2.0.0, )"
        }
      },
      "bluehill.deconstructors.keyvaluepair": {
        "type": "Project"
      },
      "bluehill.deconstructors.list": {
        "type": "Project"
      },
      "bluehill.deconstructors.tuple": {
        "type": "Project"
      },
      "bluehill.deconstructors.version": {
        "type": "Project"
      },
      "bluehill.deconstructors.wpf": {
        "type": "Project"
      }
    },
    ".NETFramework,Version=v4.6": {
      "bluehill.deconstructors.datetime": {
        "type": "Project"
      },
      "bluehill.deconstructors.drawing": {
        "type": "Project"
      },
      "bluehill.deconstructors.forms": {
        "type": "Project",
        "dependencies": {
          "Bluehill.Deconstructors.Drawing": "[2.0.0, )"
        }
      },
      "bluehill.deconstructors.keyvaluepair": {
        "type": "Project"
      },
      "bluehill.deconstructors.list": {
        "type": "Project"
      },
      "bluehill.deconstructors.numerics": {
        "type": "Project"
      },
      "bluehill.deconstructors.tuple": {
        "type": "Project"
      },
      "bluehill.deconstructors.version": {
        "type": "Project"
      },
      "bluehill.deconstructors.wpf": {
        "type": "Project"
      }
    },
    ".NETFramework,Version=v4.7": {
      "bluehill.deconstructors.datetime": {
        "type": "Project"
      },
      "bluehill.deconstructors.drawing": {
        "type": "Project"
      },
      "bluehill.deconstructors.forms": {
        "type": "Project",
        "dependencies": {
          "Bluehill.Deconstructors.Drawing": "[2.0.0, )"
        }
      },
      "bluehill.deconstructors.keyvaluepair": {
        "type": "Project"
      },
      "bluehill.deconstructors.list": {
        "type": "Project"
      },
      "bluehill.deconstructors.numerics": {
        "type": "Project"
      },
      "bluehill.deconstructors.version": {
        "type": "Project"
      },
      "bluehill.deconstructors.wpf": {
        "type": "Project"
      }
    },
    ".NETStandard,Version=v2.1": {
      "bluehill.deconstructors.datetime": {
        "type": "Project"
      },
      "bluehill.deconstructors.drawing": {
        "type": "Project"
      },
      "bluehill.deconstructors.list": {
        "type": "Project"
      },
      "bluehill.deconstructors.numerics": {
        "type": "Project"
      },
      "bluehill.deconstructors.span": {
        "type": "Project"
      },
      "bluehill.deconstructors.version": {
        "type": "Project"
      }
    },
    "net6.0-windows7.0": {
      "bluehill.deconstructors.datetime": {
        "type": "Project"
      },
      "bluehill.deconstructors.drawing": {
        "type": "Project"
      },
      "bluehill.deconstructors.forms": {
        "type": "Project",
        "dependencies": {
          "Bluehill.Deconstructors.Drawing": "[2.0.0, )"
        }
      },
      "bluehill.deconstructors.list": {
        "type": "Project"
      },
      "bluehill.deconstructors.numerics": {
        "type": "Project"
      },
      "bluehill.deconstructors.span": {
        "type": "Project"
      },
      "bluehill.deconstructors.version": {
        "type": "Project"
      },
      "bluehill.deconstructors.wpf": {
        "type": "Project"
      }
    }
  }
}